# THIS IS AN AUTOGENERATED FILE. DO NOT EDIT THIS FILE DIRECTLY.
# yarn lockfile v1


"@kreds/types@^0.0.1":
  version "0.0.1"
  resolved "https://registry.yarnpkg.com/@kreds/types/-/types-0.0.1.tgz#6b7ec78a7a8a1bb98cfca14e2abc4f91c2a5997f"
  integrity sha512-7KElpA4Aa2amJxd7C5e3iBIPi16b3IMeSWfP8nF72lvbCBOTtHGsFcWB3vLgj3qOxaPh+QSKNzcpM1pwprU8wg==

"@types/node@^20.8.2":
  version "20.8.2"
  resolved "https://registry.yarnpkg.com/@types/node/-/node-20.8.2.tgz#d76fb80d87d0d8abfe334fc6d292e83e5524efc4"
  integrity sha512-Vvycsc9FQdwhxE3y3DzeIxuEJbWGDsnrxvMADzTDF/lcdR9/K+AQIeAghTQsHtotg/q0j3WEOYS/jQgSdWue3w==

jose@^4.14.3:
  version "4.15.2"
  resolved "https://registry.yarnpkg.com/jose/-/jose-4.15.2.tgz#61f97383f0b433d45da26d35094155a30a672d92"
  integrity sha512-IY73F228OXRl9ar3jJagh7Vnuhj/GzBunPiZP13K0lOl7Am9SoWW3kEzq3MCllJMTtZqHTiDXQvoRd4U95aU6A==

typescript@^5.2.2:
  version "5.2.2"
  resolved "https://registry.yarnpkg.com/typescript/-/typescript-5.2.2.tgz#5ebb5e5a5b75f085f22bc3f8460fba308310fa78"
  integrity sha512-mI4WrpHsbCIcwT9cF4FZvr80QUeKvsUsUvKDoR+X/7XHQH98xYD8YHZg7ANtz2GtZt/CBq2QJ0thkGJMHfqc1w==
